{
  "version": 4,
  "terraform_version": "0.12.0",
  "serial": 3,
  "lineage": "3f6a9835-2875-8218-f710-478b14a0cb36",
  "outputs": {},
  "resources": [
    {
      "mode": "managed",
      "type": "oci_core_virtual_network",
      "name": "vcn1",
      "provider": "provider.oci",
      "instances": [
        {
          "schema_version": 0,
          "attributes": {
            "cidr_block": "10.0.0.0/16",
            "compartment_id": "ocid1.compartment.oc1..aaaaaaaaofozselfgyx5eem3cawlwbuxvcyntxxbcxjeoikxhuzglpiejjwa",
            "default_dhcp_options_id": "ocid1.dhcpoptions.oc1.eu-frankfurt-1.aaaaaaaaxc36uvviujamdzqjhphhslq2jfyztvyu7wriytw4bglcotfrllwa",
            "default_route_table_id": "ocid1.routetable.oc1.eu-frankfurt-1.aaaaaaaain3a6v42ptjxhozhjystrkdfuc3tvr3gh4m7hx6cgmovvzst63fq",
            "default_security_list_id": "ocid1.securitylist.oc1.eu-frankfurt-1.aaaaaaaawz5vntra3p4ttmntyf4e7gugw2fzdsuhr6aew4ceiv5yxgfv7via",
            "defined_tags": null,
            "display_name": "vcn1",
            "dns_label": "vcn1",
            "freeform_tags": {},
            "id": "ocid1.vcn.oc1.eu-frankfurt-1.aaaaaaaay4trpwvjchgfeuxfoimnmc44537r3mucxibe554lpjqrxcmgvwrq",
            "state": "AVAILABLE",
            "time_created": "2019-02-15 12:36:13.769 +0000 UTC",
            "timeouts": {
              "create": null,
              "delete": null,
              "update": null
            },
            "vcn_domain_name": "vcn1.oraclevcn.com"
          }
        }
      ]
    }
  ]
}
